
Microsoft Visual Studio Solution File, Format Version 12.00
# Visual Studio Version 17
VisualStudioVersion = 17.3.32922.545
MinimumVisualStudioVersion = 10.0.40219.1
Project("{FAE04EC0-301F-11D3-BF4B-00C04F79EFBC}") = "Lab4.2", "Lab4.2\Lab4.2.csproj", "{A38CFC34-698B-4EC1-9A09-A8283271EBC8}"
EndProject
Global
	GlobalSection(SolutionConfigurationPlatforms) = preSolution
		Debug|Any CPU = Debug|Any CPU
		Release|Any CPU = Release|Any CPU
	EndGlobalSection
	GlobalSection(ProjectConfigurationPlatforms) = postSolution
		{A38CFC34-698B-4EC1-9A09-A8283271EBC8}.Debug|Any CPU.ActiveCfg = Debug|Any CPU
		{A38CFC34-698B-4EC1-9A09-A8283271EBC8}.Debug|Any CPU.Build.0 = Debug|Any CPU
		{A38CFC34-698B-4EC1-9A09-A8283271EBC8}.Release|Any CPU.ActiveCfg = Release|Any CPU
		{A38CFC34-698B-4EC1-9A09-A8283271EBC8}.Release|Any CPU.Build.0 = Release|Any CPU
	EndGlobalSection
	GlobalSection(SolutionProperties) = preSolution
		HideSolutionNode = FALSE
	EndGlobalSection
	GlobalSection(ExtensibilityGlobals) = postSolution
		SolutionGuid = {C577C000-9126-4CCB-A1F7-68D48B9B873E}
	EndGlobalSection
EndGlobal
